
Microsoft Visual Studio Solution File, Format Version 12.00
# Visual Studio Version 17
VisualStudioVersion = 17.5.002.0
MinimumVisualStudioVersion = 10.0.40219.1
Project("{9A19103F-16F7-4668-BE54-9A1E7A4F7556}") = "slagsmål2", "slagsmål2.csproj", "{5270A108-07E4-49F1-94EA-5E9C65A4A35A}"
EndProject
Global
	GlobalSection(SolutionConfigurationPlatforms) = preSolution
		Debug|Any CPU = Debug|Any CPU
		Release|Any CPU = Release|Any CPU
	EndGlobalSection
	GlobalSection(ProjectConfigurationPlatforms) = postSolution
		{5270A108-07E4-49F1-94EA-5E9C65A4A35A}.Debug|Any CPU.ActiveCfg = Debug|Any CPU
		{5270A108-07E4-49F1-94EA-5E9C65A4A35A}.Debug|Any CPU.Build.0 = Debug|Any CPU
		{5270A108-07E4-49F1-94EA-5E9C65A4A35A}.Release|Any CPU.ActiveCfg = Release|Any CPU
		{5270A108-07E4-49F1-94EA-5E9C65A4A35A}.Release|Any CPU.Build.0 = Release|Any CPU
	EndGlobalSection
	GlobalSection(SolutionProperties) = preSolution
		HideSolutionNode = FALSE
	EndGlobalSection
	GlobalSection(ExtensibilityGlobals) = postSolution
		SolutionGuid = {F9422DFE-49D2-43B5-82CC-076B3640F787}
	EndGlobalSection
EndGlobal
